
Microsoft Visual Studio Solution File, Format Version 12.00
# Visual Studio Version 16
VisualStudioVersion = 16.0.31702.278
MinimumVisualStudioVersion = 10.0.40219.1
Project("{FAE04EC0-301F-11D3-BF4B-00C04F79EFBC}") = "JqueryAjax", "JqueryAjax\JqueryAjax.csproj", "{D77A366D-1D2A-4D89-8FA8-9B415846340A}"
EndProject
Global
	GlobalSection(SolutionConfigurationPlatforms) = preSolution
		Debug|Any CPU = Debug|Any CPU
		Release|Any CPU = Release|Any CPU
	EndGlobalSection
	GlobalSection(ProjectConfigurationPlatforms) = postSolution
		{D77A366D-1D2A-4D89-8FA8-9B415846340A}.Debug|Any CPU.ActiveCfg = Debug|Any CPU
		{D77A366D-1D2A-4D89-8FA8-9B415846340A}.Debug|Any CPU.Build.0 = Debug|Any CPU
		{D77A366D-1D2A-4D89-8FA8-9B415846340A}.Release|Any CPU.ActiveCfg = Release|Any CPU
		{D77A366D-1D2A-4D89-8FA8-9B415846340A}.Release|Any CPU.Build.0 = Release|Any CPU
	EndGlobalSection
	GlobalSection(SolutionProperties) = preSolution
		HideSolutionNode = FALSE
	EndGlobalSection
	GlobalSection(ExtensibilityGlobals) = postSolution
		SolutionGuid = {9FA625E0-AD06-4BC1-B5D1-8BBD46B26456}
	EndGlobalSection
EndGlobal
